<?xml version="1.0" encoding="utf-8"?>
<Project ToolsVersion="4.0" xmlns="http://schemas.microsoft.com/developer/msbuild/2003">
  <ItemGroup>
    <Filter Include="소스 파일">
      <UniqueIdentifier>{4FC737F1-C7A5-4376-A066-2A32D752A2FF}</UniqueIdentifier>
      <Extensions>cpp;c;cc;cxx;c++;cppm;ixx;def;odl;idl;hpj;bat;asm;asmx</Extensions>
    </Filter>
    <Filter Include="헤더 파일">
      <UniqueIdentifier>{93995380-89BD-4b04-88EB-625FBE52EBFB}</UniqueIdentifier>
      <Extensions>h;hh;hpp;hxx;h++;hm;inl;inc;ipp;xsd</Extensions>
    </Filter>
    <Filter Include="리소스 파일">
      <UniqueIdentifier>{67DA6AB6-F800-4c08-8B7A-83BB121AAD01}</UniqueIdentifier>
      <Extensions>rc;ico;cur;bmp;dlg;rc2;rct;bin;rgs;gif;jpg;jpeg;jpe;resx;tiff;tif;png;wav;mfcribbon-ms</Extensions>
    </Filter>
    <Filter Include="MainFramework">
      <UniqueIdentifier>{d56197dd-52ea-4f14-b195-9d15695cc594}</UniqueIdentifier>
    </Filter>
    <Filter Include="Network">
      <UniqueIdentifier>{84b4cf52-da53-4d82-b26f-6d7d5ed7c4f4}</UniqueIdentifier>
    </Filter>
    <Filter Include="GameInfo">
      <UniqueIdentifier>{6c809eb7-9b67-48cf-82fa-e38eca317cc8}</UniqueIdentifier>
    </Filter>
    <Filter Include="PlayerInfo">
      <UniqueIdentifier>{0a40d539-0b92-43b5-9c37-4f26b86a9830}</UniqueIdentifier>
    </Filter>
  </ItemGroup>
  <ItemGroup>
    <ClCompile Include="ClientMain.cpp">
      <Filter>소스 파일</Filter>
    </ClCompile>
    <ClCompile Include="MainFramework.cpp">
      <Filter>MainFramework</Filter>
    </ClCompile>
    <ClCompile Include="Network.cpp">
      <Filter>Network</Filter>
    </ClCompile>
    <ClCompile Include="GameInfo.cpp">
      <Filter>GameInfo</Filter>
    </ClCompile>
    <ClCompile Include="PlayerInfo.cpp">
      <Filter>PlayerInfo</Filter>
    </ClCompile>
  </ItemGroup>
  <ItemGroup>
    <ClInclude Include="headers.h">
      <Filter>헤더 파일</Filter>
    </ClInclude>
    <ClInclude Include="define.h">
      <Filter>헤더 파일</Filter>
    </ClInclude>
    <ClInclude Include="MainFramework.h">
      <Filter>MainFramework</Filter>
    </ClInclude>
    <ClInclude Include="Network.h">
      <Filter>Network</Filter>
    </ClInclude>
    <ClInclude Include="PlayerInfo.h">
      <Filter>PlayerInfo</Filter>
    </ClInclude>
    <ClInclude Include="GameInfo.h">
      <Filter>GameInfo</Filter>
    </ClInclude>
  </ItemGroup>
</Project>